// !$*UTF8*$!
{
	archiveVersion = 1;
	classes = {
	};
	objectVersion = 55;
	objects = {

/* Begin PBXBuildFile section */
		218BBB59281EB6B40010A294 /* AppDelegate.swift in Sources */ = {isa = PBXBuildFile; fileRef = 218BBB58281EB6B40010A294 /* AppDelegate.swift */; };
		218BBB5B281EB6B40010A294 /* SceneDelegate.swift in Sources */ = {isa = PBXBuildFile; fileRef = 218BBB5A281EB6B40010A294 /* SceneDelegate.swift */; };
		218BBB5D281EB6B40010A294 /* ViewController.swift in Sources */ = {isa = PBXBuildFile; fileRef = 218BBB5C281EB6B40010A294 /* ViewController.swift */; };
		218BBB60281EB6B40010A294 /* Main.storyboard in Resources */ = {isa = PBXBuildFile; fileRef = 218BBB5E281EB6B40010A294 /* Main.storyboard */; };
		218BBB62281EB6B50010A294 /* Assets.xcassets in Resources */ = {isa = PBXBuildFile; fileRef = 218BBB61281EB6B50010A294 /* Assets.xcassets */; };
		218BBB65281EB6B50010A294 /* LaunchScreen.storyboard in Resources */ = {isa = PBXBuildFile; fileRef = 218BBB63281EB6B50010A294 /* LaunchScreen.storyboard */; };
		218BBB6D281EB6E30010A294 /* FSM.swift in Sources */ = {isa = PBXBuildFile; fileRef = 218BBB6C281EB6E30010A294 /* FSM.swift */; };
		218BBB6F281F329A0010A294 /* DataStructure.swift in Sources */ = {isa = PBXBuildFile; fileRef = 218BBB6E281F329A0010A294 /* DataStructure.swift */; };
		218BBB71281F33F90010A294 /* String.swift in Sources */ = {isa = PBXBuildFile; fileRef = 218BBB70281F33F90010A294 /* String.swift */; };
		218BBB73281F35BC0010A294 /* SafetyArray.swift in Sources */ = {isa = PBXBuildFile; fileRef = 218BBB72281F35BC0010A294 /* SafetyArray.swift */; };
		218BBB75281F408D0010A294 /* Animation.swift in Sources */ = {isa = PBXBuildFile; fileRef = 218BBB74281F408D0010A294 /* Animation.swift */; };
		218BBB77281F40BC0010A294 /* Color.swift in Sources */ = {isa = PBXBuildFile; fileRef = 218BBB76281F40BC0010A294 /* Color.swift */; };
/* End PBXBuildFile section */

/* Begin PBXFileReference section */
		218BBB55281EB6B40010A294 /* Illidan.app */ = {isa = PBXFileReference; explicitFileType = wrapper.application; includeInIndex = 0; path = Illidan.app; sourceTree = BUILT_PRODUCTS_DIR; };
		218BBB58281EB6B40010A294 /* AppDelegate.swift */ = {isa = PBXFileReference; lastKnownFileType = sourcecode.swift; path = AppDelegate.swift; sourceTree = "<group>"; };
		218BBB5A281EB6B40010A294 /* SceneDelegate.swift */ = {isa = PBXFileReference; lastKnownFileType = sourcecode.swift; path = SceneDelegate.swift; sourceTree = "<group>"; };
		218BBB5C281EB6B40010A294 /* ViewController.swift */ = {isa = PBXFileReference; lastKnownFileType = sourcecode.swift; path = ViewController.swift; sourceTree = "<group>"; };
		218BBB5F281EB6B40010A294 /* Base */ = {isa = PBXFileReference; lastKnownFileType = file.storyboard; name = Base; path = Base.lproj/Main.storyboard; sourceTree = "<group>"; };
		218BBB61281EB6B50010A294 /* Assets.xcassets */ = {isa = PBXFileReference; lastKnownFileType = folder.assetcatalog; path = Assets.xcassets; sourceTree = "<group>"; };
		218BBB64281EB6B50010A294 /* Base */ = {isa = PBXFileReference; lastKnownFileType = file.storyboard; name = Base; path = Base.lproj/LaunchScreen.storyboard; sourceTree = "<group>"; };
		218BBB66281EB6B50010A294 /* Info.plist */ = {isa = PBXFileReference; lastKnownFileType = text.plist.xml; path = Info.plist; sourceTree = "<group>"; };
		218BBB6C281EB6E30010A294 /* FSM.swift */ = {isa = PBXFileReference; lastKnownFileType = sourcecode.swift; path = FSM.swift; sourceTree = "<group>"; };
		218BBB6E281F329A0010A294 /* DataStructure.swift */ = {isa = PBXFileReference; lastKnownFileType = sourcecode.swift; path = DataStructure.swift; sourceTree = "<group>"; };
		218BBB70281F33F90010A294 /* String.swift */ = {isa = PBXFileReference; lastKnownFileType = sourcecode.swift; path = String.swift; sourceTree = "<group>"; };
		218BBB72281F35BC0010A294 /* SafetyArray.swift */ = {isa = PBXFileReference; lastKnownFileType = sourcecode.swift; path = SafetyArray.swift; sourceTree = "<group>"; };
		218BBB74281F408D0010A294 /* Animation.swift */ = {isa = PBXFileReference; lastKnownFileType = sourcecode.swift; path = Animation.swift; sourceTree = "<group>"; };
		218BBB76281F40BC0010A294 /* Color.swift */ = {isa = PBXFileReference; lastKnownFileType = sourcecode.swift; path = Color.swift; sourceTree = "<group>"; };
/* End PBXFileReference section */

/* Begin PBXFrameworksBuildPhase section */
		218BBB52281EB6B40010A294 /* Frameworks */ = {
			isa = PBXFrameworksBuildPhase;
			buildActionMask = 2147483647;
			files = (
			);
			runOnlyForDeploymentPostprocessing = 0;
		};
/* End PBXFrameworksBuildPhase section */

/* Begin PBXGroup section */
		218BBB4C281EB6B40010A294 = {
			isa = PBXGroup;
			children = (
				218BBB57281EB6B40010A294 /* Illidan */,
				218BBB56281EB6B40010A294 /* Products */,
			);
			sourceTree = "<group>";
		};
		218BBB56281EB6B40010A294 /* Products */ = {
			isa = PBXGroup;
			children = (
				218BBB55281EB6B40010A294 /* Illidan.app */,
			);
			name = Products;
			sourceTree = "<group>";
		};
		218BBB57281EB6B40010A294 /* Illidan */ = {
			isa = PBXGroup;
			children = (
				218BBB58281EB6B40010A294 /* AppDelegate.swift */,
				218BBB5A281EB6B40010A294 /* SceneDelegate.swift */,
				218BBB5C281EB6B40010A294 /* ViewController.swift */,
				218BBB5E281EB6B40010A294 /* Main.storyboard */,
				218BBB61281EB6B50010A294 /* Assets.xcassets */,
				218BBB63281EB6B50010A294 /* LaunchScreen.storyboard */,
				218BBB66281EB6B50010A294 /* Info.plist */,
				218BBB6C281EB6E30010A294 /* FSM.swift */,
				218BBB6E281F329A0010A294 /* DataStructure.swift */,
				218BBB70281F33F90010A294 /* String.swift */,
				218BBB72281F35BC0010A294 /* SafetyArray.swift */,
				218BBB74281F408D0010A294 /* Animation.swift */,
				218BBB76281F40BC0010A294 /* Color.swift */,
			);
			path = Illidan;
			sourceTree = "<group>";
		};
/* End PBXGroup section */

/* Begin PBXNativeTarget section */
		218BBB54281EB6B40010A294 /* Illidan */ = {
			isa = PBXNativeTarget;
			buildConfigurationList = 218BBB69281EB6B50010A294 /* Build configuration list for PBXNativeTarget "Illidan" */;
			buildPhases = (
				218BBB51281EB6B40010A294 /* Sources */,
				218BBB52281EB6B40010A294 /* Frameworks */,
				218BBB53281EB6B40010A294 /* Resources */,
			);
			buildRules = (
			);
			dependencies = (
			);
			name = Illidan;
			productName = Illidan;
			productReference = 218BBB55281EB6B40010A294 /* Illidan.app */;
			productType = "com.apple.product-type.application";
		};
/* End PBXNativeTarget section */

/* Begin PBXProject section */
		218BBB4D281EB6B40010A294 /* Project object */ = {
			isa = PBXProject;
			attributes = {
				BuildIndependentTargetsInParallel = 1;
				LastSwiftUpdateCheck = 1330;
				LastUpgradeCheck = 1330;
				TargetAttributes = {
					218BBB54281EB6B40010A294 = {
						CreatedOnToolsVersion = 13.3.1;
					};
				};
			};
			buildConfigurationList = 218BBB50281EB6B40010A294 /* Build configuration list for PBXProject "Illidan" */;
			compatibilityVersion = "Xcode 13.0";
			developmentRegion = en;
			hasScannedForEncodings = 0;
			knownRegions = (
				en,
				Base,
			);
			mainGroup = 218BBB4C281EB6B40010A294;
			productRefGroup = 218BBB56281EB6B40010A294 /* Products */;
			projectDirPath = "";
			projectRoot = "";
			targets = (
				218BBB54281EB6B40010A294 /* Illidan */,
			);
		};
/* End PBXProject section */

/* Begin PBXResourcesBuildPhase section */
		218BBB53281EB6B40010A294 /* Resources */ = {
			isa = PBXResourcesBuildPhase;
			buildActionMask = 2147483647;
			files = (
				218BBB65281EB6B50010A294 /* LaunchScreen.storyboard in Resources */,
				218BBB62281EB6B50010A294 /* Assets.xcassets in Resources */,
				218BBB60281EB6B40010A294 /* Main.storyboard in Resources */,
			);
			runOnlyForDeploymentPostprocessing = 0;
		};
/* End PBXResourcesBuildPhase section */

/* Begin PBXSourcesBuildPhase section */
		218BBB51281EB6B40010A294 /* Sources */ = {
			isa = PBXSourcesBuildPhase;
			buildActionMask = 2147483647;
			files = (
				218BBB71281F33F90010A294 /* String.swift in Sources */,
				218BBB5D281EB6B40010A294 /* ViewController.swift in Sources */,
				218BBB75281F408D0010A294 /* Animation.swift in Sources */,
				218BBB59281EB6B40010A294 /* AppDelegate.swift in Sources */,
				218BBB73281F35BC0010A294 /* SafetyArray.swift in Sources */,
				218BBB6F281F329A0010A294 /* DataStructure.swift in Sources */,
				218BBB6D281EB6E30010A294 /* FSM.swift in Sources */,
				218BBB5B281EB6B40010A294 /* SceneDelegate.swift in Sources */,
				218BBB77281F40BC0010A294 /* Color.swift in Sources */,
			);
			runOnlyForDeploymentPostprocessing = 0;
		};
/* End PBXSourcesBuildPhase section */

/* Begin PBXVariantGroup section */
		218BBB5E281EB6B40010A294 /* Main.storyboard */ = {
			isa = PBXVariantGroup;
			children = (
				218BBB5F281EB6B40010A294 /* Base */,
			);
			name = Main.storyboard;
			sourceTree = "<group>";
		};
		218BBB63281EB6B50010A294 /* LaunchScreen.storyboard */ = {
			isa = PBXVariantGroup;
			children = (
				218BBB64281EB6B50010A294 /* Base */,
			);
			name = LaunchScreen.storyboard;
			sourceTree = "<group>";
		};
/* End PBXVariantGroup section */

/* Begin XCBuildConfiguration section */
		218BBB67281EB6B50010A294 /* Debug */ = {
			isa = XCBuildConfiguration;
			buildSettings = {
				ALWAYS_SEARCH_USER_PATHS = NO;
				CLANG_ANALYZER_NONNULL = YES;
				CLANG_ANALYZER_NUMBER_OBJECT_CONVERSION = YES_AGGRESSIVE;
				CLANG_CXX_LANGUAGE_STANDARD = "gnu++17";
				CLANG_ENABLE_MODULES = YES;
				CLANG_ENABLE_OBJC_ARC = YES;
				CLANG_ENABLE_OBJC_WEAK = YES;
				CLANG_WARN_BLOCK_CAPTURE_AUTORELEASING = YES;
				CLANG_WARN_BOOL_CONVERSION = YES;
				CLANG_WARN_COMMA = YES;
				CLANG_WARN_CONSTANT_CONVERSION = YES;
				CLANG_WARN_DEPRECATED_OBJC_IMPLEMENTATIONS = YES;
				CLANG_WARN_DIRECT_OBJC_ISA_USAGE = YES_ERROR;
				CLANG_WARN_DOCUMENTATION_COMMENTS = YES;
				CLANG_WARN_EMPTY_BODY = YES;
				CLANG_WARN_ENUM_CONVERSION = YES;
				CLANG_WARN_INFINITE_RECURSION = YES;
				CLANG_WARN_INT_CONVERSION = YES;
				CLANG_WARN_NON_LITERAL_NULL_CONVERSION = YES;
				CLANG_WARN_OBJC_IMPLICIT_RETAIN_SELF = YES;
				CLANG_WARN_OBJC_LITERAL_CONVERSION = YES;
				CLANG_WARN_OBJC_ROOT_CLASS = YES_ERROR;
				CLANG_WARN_QUOTED_INCLUDE_IN_FRAMEWORK_HEADER = YES;
				CLANG_WARN_RANGE_LOOP_ANALYSIS = YES;
				CLANG_WARN_STRICT_PROTOTYPES = YES;
				CLANG_WARN_SUSPICIOUS_MOVE = YES;
				CLANG_WARN_UNGUARDED_AVAILABILITY = YES_AGGRESSIVE;
				CLANG_WARN_UNREACHABLE_CODE = YES;
				CLANG_WARN__DUPLICATE_METHOD_MATCH = YES;
				COPY_PHASE_STRIP = NO;
				DEBUG_INFORMATION_FORMAT = dwarf;
				ENABLE_STRICT_OBJC_MSGSEND = YES;
				ENABLE_TESTABILITY = YES;
				GCC_C_LANGUAGE_STANDARD = gnu11;
				GCC_DYNAMIC_NO_PIC = NO;
				GCC_NO_COMMON_BLOCKS = YES;
				GCC_OPTIMIZATION_LEVEL = 0;
				GCC_PREPROCESSOR_DEFINITIONS = (
					"DEBUG=1",
					"$(inherited)",
				);
				GCC_WARN_64_TO_32_BIT_CONVERSION = YES;
				GCC_WARN_ABOUT_RETURN_TYPE = YES_ERROR;
				GCC_WARN_UNDECLARED_SELECTOR = YES;
				GCC_WARN_UNINITIALIZED_AUTOS = YES_AGGRESSIVE;
				GCC_WARN_UNUSED_FUNCTION = YES;
				GCC_WARN_UNUSED_VARIABLE = YES;
				IPHONEOS_DEPLOYMENT_TARGET = 15.4;
				MTL_ENABLE_DEBUG_INFO = INCLUDE_SOURCE;
				MTL_FAST_MATH = YES;
				ONLY_ACTIVE_ARCH = YES;
				SDKROOT = iphoneos;
				SWIFT_ACTIVE_COMPILATION_CONDITIONS = DEBUG;
				SWIFT_OPTIMIZATION_LEVEL = "-Onone";
			};
			name = Debug;
		};
		218BBB68281EB6B50010A294 /* Release */ = {
			isa = XCBuildConfiguration;
			buildSettings = {
				ALWAYS_SEARCH_USER_PATHS = NO;
				CLANG_ANALYZER_NONNULL = YES;
				CLANG_ANALYZER_NUMBER_OBJECT_CONVERSION = YES_AGGRESSIVE;
				CLANG_CXX_LANGUAGE_STANDARD = "gnu++17";
				CLANG_ENABLE_MODULES = YES;
				CLANG_ENABLE_OBJC_ARC = YES;
				CLANG_ENABLE_OBJC_WEAK = YES;
				CLANG_WARN_BLOCK_CAPTURE_AUTORELEASING = YES;
				CLANG_WARN_BOOL_CONVERSION = YES;
				CLANG_WARN_COMMA = YES;
				CLANG_WARN_CONSTANT_CONVERSION = YES;
				CLANG_WARN_DEPRECATED_OBJC_IMPLEMENTATIONS = YES;
				CLANG_WARN_DIRECT_OBJC_ISA_USAGE = YES_ERROR;
				CLANG_WARN_DOCUMENTATION_COMMENTS = YES;
				CLANG_WARN_EMPTY_BODY = YES;
				CLANG_WARN_ENUM_CONVERSION = YES;
				CLANG_WARN_INFINITE_RECURSION = YES;
				CLANG_WARN_INT_CONVERSION = YES;
				CLANG_WARN_NON_LITERAL_NULL_CONVERSION = YES;
				CLANG_WARN_OBJC_IMPLICIT_RETAIN_SELF = YES;
				CLANG_WARN_OBJC_LITERAL_CONVERSION = YES;
				CLANG_WARN_OBJC_ROOT_CLASS = YES_ERROR;
				CLANG_WARN_QUOTED_INCLUDE_IN_FRAMEWORK_HEADER = YES;
				CLANG_WARN_RANGE_LOOP_ANALYSIS = YES;
				CLANG_WARN_STRICT_PROTOTYPES = YES;
				CLANG_WARN_SUSPICIOUS_MOVE = YES;
				CLANG_WARN_UNGUARDED_AVAILABILITY = YES_AGGRESSIVE;
				CLANG_WARN_UNREACHABLE_CODE = YES;
				CLANG_WARN__DUPLICATE_METHOD_MATCH = YES;
				COPY_PHASE_STRIP = NO;
				DEBUG_INFORMATION_FORMAT = "dwarf-with-dsym";
				ENABLE_NS_ASSERTIONS = NO;
				ENABLE_STRICT_OBJC_MSGSEND = YES;
				GCC_C_LANGUAGE_STANDARD = gnu11;
				GCC_NO_COMMON_BLOCKS = YES;
				GCC_WARN_64_TO_32_BIT_CONVERSION = YES;
				GCC_WARN_ABOUT_RETURN_TYPE = YES_ERROR;
				GCC_WARN_UNDECLARED_SELECTOR = YES;
				GCC_WARN_UNINITIALIZED_AUTOS = YES_AGGRESSIVE;
				GCC_WARN_UNUSED_FUNCTION = YES;
				GCC_WARN_UNUSED_VARIABLE = YES;
				IPHONEOS_DEPLOYMENT_TARGET = 15.4;
				MTL_ENABLE_DEBUG_INFO = NO;
				MTL_FAST_MATH = YES;
				SDKROOT = iphoneos;
				SWIFT_COMPILATION_MODE = wholemodule;
				SWIFT_OPTIMIZATION_LEVEL = "-O";
				VALIDATE_PRODUCT = YES;
			};
			name = Release;
		};
		218BBB6A281EB6B50010A294 /* Debug */ = {
			isa = XCBuildConfiguration;
			buildSettings = {
				ASSETCATALOG_COMPILER_APPICON_NAME = AppIcon;
				ASSETCATALOG_COMPILER_GLOBAL_ACCENT_COLOR_NAME = AccentColor;
				CODE_SIGN_STYLE = Automatic;
				CURRENT_PROJECT_VERSION = 1;
				DEVELOPMENT_TEAM = 6D79DBK9VL;
				GENERATE_INFOPLIST_FILE = YES;
				INFOPLIST_FILE = Illidan/Info.plist;
				INFOPLIST_KEY_UIApplicationSupportsIndirectInputEvents = YES;
				INFOPLIST_KEY_UILaunchStoryboardName = LaunchScreen;
				INFOPLIST_KEY_UIMainStoryboardFile = Main;
				INFOPLIST_KEY_UISupportedInterfaceOrientations_iPad = "UIInterfaceOrientationPortrait UIInterfaceOrientationPortraitUpsideDown UIInterfaceOrientationLandscapeLeft UIInterfaceOrientationLandscapeRight";
				INFOPLIST_KEY_UISupportedInterfaceOrientations_iPhone = "UIInterfaceOrientationPortrait UIInterfaceOrientationLandscapeLeft UIInterfaceOrientationLandscapeRight";
				LD_RUNPATH_SEARCH_PATHS = (
					"$(inherited)",
					"@executable_path/Frameworks",
				);
				MARKETING_VERSION = 1.0;
				PRODUCT_BUNDLE_IDENTIFIER = com.sdz.Illidan;
				PRODUCT_NAME = "$(TARGET_NAME)";
				SWIFT_EMIT_LOC_STRINGS = YES;
				SWIFT_VERSION = 5.0;
				TARGETED_DEVICE_FAMILY = "1,2";
			};
			name = Debug;
		};
		218BBB6B281EB6B50010A294 /* Release */ = {
			isa = XCBuildConfiguration;
			buildSettings = {
				ASSETCATALOG_COMPILER_APPICON_NAME = AppIcon;
				ASSETCATALOG_COMPILER_GLOBAL_ACCENT_COLOR_NAME = AccentColor;
				CODE_SIGN_STYLE = Automatic;
				CURRENT_PROJECT_VERSION = 1;
				DEVELOPMENT_TEAM = 6D79DBK9VL;
				GENERATE_INFOPLIST_FILE = YES;
				INFOPLIST_FILE = Illidan/Info.plist;
				INFOPLIST_KEY_UIApplicationSupportsIndirectInputEvents = YES;
				INFOPLIST_KEY_UILaunchStoryboardName = LaunchScreen;
				INFOPLIST_KEY_UIMainStoryboardFile = Main;
				INFOPLIST_KEY_UISupportedInterfaceOrientations_iPad = "UIInterfaceOrientationPortrait UIInterfaceOrientationPortraitUpsideDown UIInterfaceOrientationLandscapeLeft UIInterfaceOrientationLandscapeRight";
				INFOPLIST_KEY_UISupportedInterfaceOrientations_iPhone = "UIInterfaceOrientationPortrait UIInterfaceOrientationLandscapeLeft UIInterfaceOrientationLandscapeRight";
				LD_RUNPATH_SEARCH_PATHS = (
					"$(inherited)",
					"@executable_path/Frameworks",
				);
				MARKETING_VERSION = 1.0;
				PRODUCT_BUNDLE_IDENTIFIER = com.sdz.Illidan;
				PRODUCT_NAME = "$(TARGET_NAME)";
				SWIFT_EMIT_LOC_STRINGS = YES;
				SWIFT_VERSION = 5.0;
				TARGETED_DEVICE_FAMILY = "1,2";
			};
			name = Release;
		};
/* End XCBuildConfiguration section */

/* Begin XCConfigurationList section */
		218BBB50281EB6B40010A294 /* Build configuration list for PBXProject "Illidan" */ = {
			isa = XCConfigurationList;
			buildConfigurations = (
				218BBB67281EB6B50010A294 /* Debug */,
				218BBB68281EB6B50010A294 /* Release */,
			);
			defaultConfigurationIsVisible = 0;
			defaultConfigurationName = Release;
		};
		218BBB69281EB6B50010A294 /* Build configuration list for PBXNativeTarget "Illidan" */ = {
			isa = XCConfigurationList;
			buildConfigurations = (
				218BBB6A281EB6B50010A294 /* Debug */,
				218BBB6B281EB6B50010A294 /* Release */,
			);
			defaultConfigurationIsVisible = 0;
			defaultConfigurationName = Release;
		};
/* End XCConfigurationList section */
	};
	rootObject = 218BBB4D281EB6B40010A294 /* Project object */;
}
